
Microsoft Visual Studio Solution File, Format Version 12.00
# Visual Studio Version 17
VisualStudioVersion = 17.4.33213.308
MinimumVisualStudioVersion = 10.0.40219.1
Project("{FAE04EC0-301F-11D3-BF4B-00C04F79EFBC}") = "ClassWork_02", "ClassWork_02\ClassWork_02.csproj", "{3423C841-F618-4DD7-A611-92EEE8C795D4}"
EndProject
Global
	GlobalSection(SolutionConfigurationPlatforms) = preSolution
		Debug|Any CPU = Debug|Any CPU
		Release|Any CPU = Release|Any CPU
	EndGlobalSection
	GlobalSection(ProjectConfigurationPlatforms) = postSolution
		{3423C841-F618-4DD7-A611-92EEE8C795D4}.Debug|Any CPU.ActiveCfg = Debug|Any CPU
		{3423C841-F618-4DD7-A611-92EEE8C795D4}.Debug|Any CPU.Build.0 = Debug|Any CPU
		{3423C841-F618-4DD7-A611-92EEE8C795D4}.Release|Any CPU.ActiveCfg = Release|Any CPU
		{3423C841-F618-4DD7-A611-92EEE8C795D4}.Release|Any CPU.Build.0 = Release|Any CPU
	EndGlobalSection
	GlobalSection(SolutionProperties) = preSolution
		HideSolutionNode = FALSE
	EndGlobalSection
	GlobalSection(ExtensibilityGlobals) = postSolution
		SolutionGuid = {2CF8FA79-91B6-4991-8471-64761AE0980E}
	EndGlobalSection
EndGlobal
